
Microsoft Visual Studio Solution File, Format Version 12.00
# Visual Studio 15
VisualStudioVersion = 15.0.28010.2036
MinimumVisualStudioVersion = 10.0.40219.1
Project("{FAE04EC0-301F-11D3-BF4B-00C04F79EFBC}") = "HP Rechner", "HP Rechner\HP Rechner.csproj", "{467325D6-5623-470E-8DBF-885295BC525A}"
EndProject
Project("{FAE04EC0-301F-11D3-BF4B-00C04F79EFBC}") = "HP Rechner Shit", "HP Rechner Shit\HP Rechner Shit.csproj", "{E2B566C6-C043-4319-B543-B8E2EBB04226}"
EndProject
Global
	GlobalSection(SolutionConfigurationPlatforms) = preSolution
		Debug|Any CPU = Debug|Any CPU
		Release|Any CPU = Release|Any CPU
	EndGlobalSection
	GlobalSection(ProjectConfigurationPlatforms) = postSolution
		{467325D6-5623-470E-8DBF-885295BC525A}.Debug|Any CPU.ActiveCfg = Debug|Any CPU
		{467325D6-5623-470E-8DBF-885295BC525A}.Debug|Any CPU.Build.0 = Debug|Any CPU
		{467325D6-5623-470E-8DBF-885295BC525A}.Release|Any CPU.ActiveCfg = Release|Any CPU
		{467325D6-5623-470E-8DBF-885295BC525A}.Release|Any CPU.Build.0 = Release|Any CPU
		{E2B566C6-C043-4319-B543-B8E2EBB04226}.Debug|Any CPU.ActiveCfg = Debug|Any CPU
		{E2B566C6-C043-4319-B543-B8E2EBB04226}.Debug|Any CPU.Build.0 = Debug|Any CPU
		{E2B566C6-C043-4319-B543-B8E2EBB04226}.Release|Any CPU.ActiveCfg = Release|Any CPU
		{E2B566C6-C043-4319-B543-B8E2EBB04226}.Release|Any CPU.Build.0 = Release|Any CPU
	EndGlobalSection
	GlobalSection(SolutionProperties) = preSolution
		HideSolutionNode = FALSE
	EndGlobalSection
	GlobalSection(ExtensibilityGlobals) = postSolution
		SolutionGuid = {9238F980-7C6C-40A7-B556-F2CD1F5EA51A}
	EndGlobalSection
EndGlobal
